<?xml version="1.0" encoding="utf-8"?>
<Project ToolsVersion="4.0" xmlns="http://schemas.microsoft.com/developer/msbuild/2003">
  <ItemGroup>
    <ClCompile Include="Source\Application.cpp" />
    <ClCompile Include="Source\Level\LevelGrid.cpp" />
    <ClCompile Include="Source\Level\LevelGridTile.cpp" />
    <ClCompile Include="Source\Gameplay\Character.cpp" />
    <ClCompile Include="Source\Gameplay\MovingObject.cpp" />
    <ClCompile Include="Source\Level\BackgroundLayer.cpp" />
    <ClCompile Include="Source\Managers\GridFacade.cpp" />
    <ClCompile Include="Source\Managers\BackgroundManager.cpp" />
    <ClCompile Include="Source\Managers\InputManager.cpp" />
    <ClCompile Include="Source\Technicals\AABB.cpp" />
    <ClCompile Include="Source\Gameplay\Camera.cpp" />
    <ClCompile Include="Source\Technicals\DrawableVertices.cpp" />
    <ClCompile Include="Source\Technicals\Shader.cpp" />
    <ClCompile Include="Source\Technicals\stb_image_implementation.cpp" />
    <ClCompile Include="Source\Technicals\Texture.cpp" />
    <ClCompile Include="Source\Gameplay\Collectable.cpp" />
    <ClCompile Include="Source\Managers\CollectableManager.cpp" />
    <ClCompile Include="Source\Managers\HighscoreManager.cpp" />
    <ClCompile Include="ImGUI\imgui.cpp" />
    <ClCompile Include="ImGUI\imgui_draw.cpp" />
    <ClCompile Include="ImGUI\imgui_impl_glfw.cpp" />
    <ClCompile Include="ImGUI\imgui_impl_opengl3.cpp" />
    <ClCompile Include="ImGUI\imgui_widgets.cpp" />
    <ClCompile Include="ImGUI\imgui_demo.cpp" />
    <ClCompile Include="Source\Technicals\UserInterface.cpp" />
    <ClCompile Include="Source\Technicals\UserInterfaceParameters.cpp" />
    <ClCompile Include="Source\Gameplay\ShootingEnemy.cpp" />
    <ClCompile Include="Source\Managers\EnemyManager.cpp" />
    <ClCompile Include="Source\Gameplay\Projectile.cpp" />
    <ClCompile Include="Source\Gameplay\Enemy.cpp" />
    <ClCompile Include="Source\Gameplay\WalkingEnemy.cpp" />
    <ClCompile Include="Source\Managers\SettingsManager.cpp" />
    <ClCompile Include="Source\Managers\ThemeChangingManager.cpp" />
  </ItemGroup>
  <ItemGroup>
    <ClInclude Include="Header\Level\LevelGrid.h" />
    <ClInclude Include="Header\Level\LevelGridTile.h" />
    <ClInclude Include="Enums\LevelGenerationStates.h" />
    <ClInclude Include="Enums\TileLocation.h" />
    <ClInclude Include="Enums\MovingObjectStatus.h" />
    <ClInclude Include="Enums\InputDirection.h" />
    <ClInclude Include="Interfaces\IMoveable.h" />
    <ClInclude Include="Header\Technicals\stb_image.h" />
    <ClInclude Include="Header\Technicals\Texture.h" />
    <ClInclude Include="Header\Technicals\Shader.h" />
    <ClInclude Include="Header\Technicals\AABB.h" />
    <ClInclude Include="Header\Managers\BackgroundManager.h" />
    <ClInclude Include="Header\Technicals\DrawableVertices.h" />
    <ClInclude Include="Header\Gameplay\Character.h" />
    <ClInclude Include="Header\Gameplay\MovingObject.h" />
    <ClInclude Include="Header\Managers\InputManager.h" />
    <ClInclude Include="Header\Level\BackgroundLayer.h" />
    <ClInclude Include="Header\Managers\GridFacade.h" />
    <ClInclude Include="Header\Gameplay\Camera.h" />
    <ClInclude Include="Header\Gameplay\Collectable.h" />
    <ClInclude Include="Header\Managers\CollectableManager.h" />
    <ClInclude Include="Header\Managers\HighscoreManager.h" />
    <ClInclude Include="ImGUI\imconfig.h" />
    <ClInclude Include="ImGUI\imgui.h" />
    <ClInclude Include="ImGUI\imgui_impl_opengl3.h" />
    <ClInclude Include="ImGUI\imgui_impl_glfw.h" />
    <ClInclude Include="ImGUI\imgui_internal.h" />
    <ClInclude Include="ImGUI\imstb_textedit.h" />
    <ClInclude Include="ImGUI\imstb_rectpack.h" />
    <ClInclude Include="ImGUI\imstb_truetype.h" />
    <ClInclude Include="Enums\MenuType.h" />
    <ClInclude Include="Header\Technicals\UserInterfaceParameters.h" />
    <ClInclude Include="Header\Technicals\UserInterface.h" />
    <ClInclude Include="Interfaces\IResetable.h" />
    <ClInclude Include="Header\Gameplay\ShootingEnemy.h" />
    <ClInclude Include="Header\Managers\EnemyManager.h" />
    <ClInclude Include="Header\Gameplay\Projectile.h" />
    <ClInclude Include="Header\Gameplay\Enemy.h" />
    <ClInclude Include="Header\Gameplay\WalkingEnemy.h" />
    <ClInclude Include="Header\Managers\SettingsManager.h" />
    <ClInclude Include="Header\Managers\ThemeChangingManager.h" />
  </ItemGroup>
  <ItemGroup>
    <None Include="Shaders\BasicVertexShader.glsl" />
    <None Include="Shaders\BasicFragmentShader.glsl" />
    <None Include="Shaders\BasicVertexShader.vert" />
    <None Include="Shaders\BasicFragmentShader.frag" />
  </ItemGroup>
</Project>